
Microsoft Visual Studio Solution File, Format Version 12.00
# Visual Studio 15
VisualStudioVersion = 15.0.26730.16
MinimumVisualStudioVersion = 10.0.40219.1
Project("{FAE04EC0-301F-11D3-BF4B-00C04F79EFBC}") = "Products.Android", "Products\Products.Android\Products.Android.csproj", "{8096C401-C48D-4F9D-977B-1F395407E85E}"
EndProject
Project("{FAE04EC0-301F-11D3-BF4B-00C04F79EFBC}") = "Products", "Products\Products\Products.csproj", "{178760EF-F731-4A56-905E-6710ACD99CC0}"
EndProject
Project("{FAE04EC0-301F-11D3-BF4B-00C04F79EFBC}") = "Products.UWP", "Products\Products.UWP\Products.UWP.csproj", "{74317F1F-E389-4B77-B193-61C39C557A35}"
EndProject
Project("{FAE04EC0-301F-11D3-BF4B-00C04F79EFBC}") = "Products.iOS", "Products\Products.iOS\Products.iOS.csproj", "{EC8CDBDC-9829-4A78-BFB4-C4174D750048}"
EndProject
Project("{FAE04EC0-301F-11D3-BF4B-00C04F79EFBC}") = "Products.Domain", "Products.Domain\Products.Domain.csproj", "{F4A75EDC-A15A-488C-9088-05E7F6276E66}"
EndProject
Project("{FAE04EC0-301F-11D3-BF4B-00C04F79EFBC}") = "Products.Backend", "Products.Backend\Products.Backend.csproj", "{78FE699D-881E-4BFC-8087-8662C72FB4F5}"
EndProject
Project("{FAE04EC0-301F-11D3-BF4B-00C04F79EFBC}") = "Products.API", "Products.API\Products.API.csproj", "{516EF94C-D2D3-4BFA-8890-A56CA35AB794}"
EndProject
Global
	GlobalSection(SolutionConfigurationPlatforms) = preSolution
		Ad-Hoc|Any CPU = Ad-Hoc|Any CPU
		Ad-Hoc|ARM = Ad-Hoc|ARM
		Ad-Hoc|iPhone = Ad-Hoc|iPhone
		Ad-Hoc|iPhoneSimulator = Ad-Hoc|iPhoneSimulator
		Ad-Hoc|x64 = Ad-Hoc|x64
		Ad-Hoc|x86 = Ad-Hoc|x86
		AppStore|Any CPU = AppStore|Any CPU
		AppStore|ARM = AppStore|ARM
		AppStore|iPhone = AppStore|iPhone
		AppStore|iPhoneSimulator = AppStore|iPhoneSimulator
		AppStore|x64 = AppStore|x64
		AppStore|x86 = AppStore|x86
		Debug|Any CPU = Debug|Any CPU
		Debug|ARM = Debug|ARM
		Debug|iPhone = Debug|iPhone
		Debug|iPhoneSimulator = Debug|iPhoneSimulator
		Debug|x64 = Debug|x64
		Debug|x86 = Debug|x86
		Release|Any CPU = Release|Any CPU
		Release|ARM = Release|ARM
		Release|iPhone = Release|iPhone
		Release|iPhoneSimulator = Release|iPhoneSimulator
		Release|x64 = Release|x64
		Release|x86 = Release|x86
	EndGlobalSection
	GlobalSection(ProjectConfigurationPlatforms) = postSolution
		{8096C401-C48D-4F9D-977B-1F395407E85E}.Ad-Hoc|Any CPU.ActiveCfg = Release|Any CPU
		{8096C401-C48D-4F9D-977B-1F395407E85E}.Ad-Hoc|Any CPU.Build.0 = Release|Any CPU
		{8096C401-C48D-4F9D-977B-1F395407E85E}.Ad-Hoc|Any CPU.Deploy.0 = Release|Any CPU
		{8096C401-C48D-4F9D-977B-1F395407E85E}.Ad-Hoc|ARM.ActiveCfg = Release|Any CPU
		{8096C401-C48D-4F9D-977B-1F395407E85E}.Ad-Hoc|ARM.Build.0 = Release|Any CPU
		{8096C401-C48D-4F9D-977B-1F395407E85E}.Ad-Hoc|ARM.Deploy.0 = Release|Any CPU
		{8096C401-C48D-4F9D-977B-1F395407E85E}.Ad-Hoc|iPhone.ActiveCfg = Release|Any CPU
		{8096C401-C48D-4F9D-977B-1F395407E85E}.Ad-Hoc|iPhone.Build.0 = Release|Any CPU
		{8096C401-C48D-4F9D-977B-1F395407E85E}.Ad-Hoc|iPhone.Deploy.0 = Release|Any CPU
		{8096C401-C48D-4F9D-977B-1F395407E85E}.Ad-Hoc|iPhoneSimulator.ActiveCfg = Release|Any CPU
		{8096C401-C48D-4F9D-977B-1F395407E85E}.Ad-Hoc|iPhoneSimulator.Build.0 = Release|Any CPU
		{8096C401-C48D-4F9D-977B-1F395407E85E}.Ad-Hoc|iPhoneSimulator.Deploy.0 = Release|Any CPU
		{8096C401-C48D-4F9D-977B-1F395407E85E}.Ad-Hoc|x64.ActiveCfg = Release|Any CPU
		{8096C401-C48D-4F9D-977B-1F395407E85E}.Ad-Hoc|x64.Build.0 = Release|Any CPU
		{8096C401-C48D-4F9D-977B-1F395407E85E}.Ad-Hoc|x64.Deploy.0 = Release|Any CPU
		{8096C401-C48D-4F9D-977B-1F395407E85E}.Ad-Hoc|x86.ActiveCfg = Release|Any CPU
		{8096C401-C48D-4F9D-977B-1F395407E85E}.Ad-Hoc|x86.Build.0 = Release|Any CPU
		{8096C401-C48D-4F9D-977B-1F395407E85E}.Ad-Hoc|x86.Deploy.0 = Release|Any CPU
		{8096C401-C48D-4F9D-977B-1F395407E85E}.AppStore|Any CPU.ActiveCfg = Release|Any CPU
		{8096C401-C48D-4F9D-977B-1F395407E85E}.AppStore|Any CPU.Build.0 = Release|Any CPU
		{8096C401-C48D-4F9D-977B-1F395407E85E}.AppStore|Any CPU.Deploy.0 = Release|Any CPU
		{8096C401-C48D-4F9D-977B-1F395407E85E}.AppStore|ARM.ActiveCfg = Release|Any CPU
		{8096C401-C48D-4F9D-977B-1F395407E85E}.AppStore|ARM.Build.0 = Release|Any CPU
		{8096C401-C48D-4F9D-977B-1F395407E85E}.AppStore|ARM.Deploy.0 = Release|Any CPU
		{8096C401-C48D-4F9D-977B-1F395407E85E}.AppStore|iPhone.ActiveCfg = Release|Any CPU
		{8096C401-C48D-4F9D-977B-1F395407E85E}.AppStore|iPhone.Build.0 = Release|Any CPU
		{8096C401-C48D-4F9D-977B-1F395407E85E}.AppStore|iPhone.Deploy.0 = Release|Any CPU
		{8096C401-C48D-4F9D-977B-1F395407E85E}.AppStore|iPhoneSimulator.ActiveCfg = Release|Any CPU
		{8096C401-C48D-4F9D-977B-1F395407E85E}.AppStore|iPhoneSimulator.Build.0 = Release|Any CPU
		{8096C401-C48D-4F9D-977B-1F395407E85E}.AppStore|iPhoneSimulator.Deploy.0 = Release|Any CPU
		{8096C401-C48D-4F9D-977B-1F395407E85E}.AppStore|x64.ActiveCfg = Release|Any CPU
		{8096C401-C48D-4F9D-977B-1F395407E85E}.AppStore|x64.Build.0 = Release|Any CPU
		{8096C401-C48D-4F9D-977B-1F395407E85E}.AppStore|x64.Deploy.0 = Release|Any CPU
		{8096C401-C48D-4F9D-977B-1F395407E85E}.AppStore|x86.ActiveCfg = Release|Any CPU
		{8096C401-C48D-4F9D-977B-1F395407E85E}.AppStore|x86.Build.0 = Release|Any CPU
		{8096C401-C48D-4F9D-977B-1F395407E85E}.AppStore|x86.Deploy.0 = Release|Any CPU
		{8096C401-C48D-4F9D-977B-1F395407E85E}.Debug|Any CPU.ActiveCfg = Debug|Any CPU
		{8096C401-C48D-4F9D-977B-1F395407E85E}.Debug|Any CPU.Build.0 = Debug|Any CPU
		{8096C401-C48D-4F9D-977B-1F395407E85E}.Debug|Any CPU.Deploy.0 = Debug|Any CPU
		{8096C401-C48D-4F9D-977B-1F395407E85E}.Debug|ARM.ActiveCfg = Debug|Any CPU
		{8096C401-C48D-4F9D-977B-1F395407E85E}.Debug|ARM.Build.0 = Debug|Any CPU
		{8096C401-C48D-4F9D-977B-1F395407E85E}.Debug|ARM.Deploy.0 = Debug|Any CPU
		{8096C401-C48D-4F9D-977B-1F395407E85E}.Debug|iPhone.ActiveCfg = Debug|Any CPU
		{8096C401-C48D-4F9D-977B-1F395407E85E}.Debug|iPhone.Build.0 = Debug|Any CPU
		{8096C401-C48D-4F9D-977B-1F395407E85E}.Debug|iPhone.Deploy.0 = Debug|Any CPU
		{8096C401-C48D-4F9D-977B-1F395407E85E}.Debug|iPhoneSimulator.ActiveCfg = Debug|Any CPU
		{8096C401-C48D-4F9D-977B-1F395407E85E}.Debug|iPhoneSimulator.Build.0 = Debug|Any CPU
		{8096C401-C48D-4F9D-977B-1F395407E85E}.Debug|iPhoneSimulator.Deploy.0 = Debug|Any CPU
		{8096C401-C48D-4F9D-977B-1F395407E85E}.Debug|x64.ActiveCfg = Debug|Any CPU
		{8096C401-C48D-4F9D-977B-1F395407E85E}.Debug|x64.Build.0 = Debug|Any CPU
		{8096C401-C48D-4F9D-977B-1F395407E85E}.Debug|x64.Deploy.0 = Debug|Any CPU
		{8096C401-C48D-4F9D-977B-1F395407E85E}.Debug|x86.ActiveCfg = Debug|Any CPU
		{8096C401-C48D-4F9D-977B-1F395407E85E}.Debug|x86.Build.0 = Debug|Any CPU
		{8096C401-C48D-4F9D-977B-1F395407E85E}.Debug|x86.Deploy.0 = Debug|Any CPU
		{8096C401-C48D-4F9D-977B-1F395407E85E}.Release|Any CPU.ActiveCfg = Release|Any CPU
		{8096C401-C48D-4F9D-977B-1F395407E85E}.Release|Any CPU.Build.0 = Release|Any CPU
		{8096C401-C48D-4F9D-977B-1F395407E85E}.Release|Any CPU.Deploy.0 = Release|Any CPU
		{8096C401-C48D-4F9D-977B-1F395407E85E}.Release|ARM.ActiveCfg = Release|Any CPU
		{8096C401-C48D-4F9D-977B-1F395407E85E}.Release|ARM.Build.0 = Release|Any CPU
		{8096C401-C48D-4F9D-977B-1F395407E85E}.Release|ARM.Deploy.0 = Release|Any CPU
		{8096C401-C48D-4F9D-977B-1F395407E85E}.Release|iPhone.ActiveCfg = Release|Any CPU
		{8096C401-C48D-4F9D-977B-1F395407E85E}.Release|iPhone.Build.0 = Release|Any CPU
		{8096C401-C48D-4F9D-977B-1F395407E85E}.Release|iPhone.Deploy.0 = Release|Any CPU
		{8096C401-C48D-4F9D-977B-1F395407E85E}.Release|iPhoneSimulator.ActiveCfg = Release|Any CPU
		{8096C401-C48D-4F9D-977B-1F395407E85E}.Release|iPhoneSimulator.Build.0 = Release|Any CPU
		{8096C401-C48D-4F9D-977B-1F395407E85E}.Release|iPhoneSimulator.Deploy.0 = Release|Any CPU
		{8096C401-C48D-4F9D-977B-1F395407E85E}.Release|x64.ActiveCfg = Release|Any CPU
		{8096C401-C48D-4F9D-977B-1F395407E85E}.Release|x64.Build.0 = Release|Any CPU
		{8096C401-C48D-4F9D-977B-1F395407E85E}.Release|x64.Deploy.0 = Release|Any CPU
		{8096C401-C48D-4F9D-977B-1F395407E85E}.Release|x86.ActiveCfg = Release|Any CPU
		{8096C401-C48D-4F9D-977B-1F395407E85E}.Release|x86.Build.0 = Release|Any CPU
		{8096C401-C48D-4F9D-977B-1F395407E85E}.Release|x86.Deploy.0 = Release|Any CPU
		{178760EF-F731-4A56-905E-6710ACD99CC0}.Ad-Hoc|Any CPU.ActiveCfg = Release|Any CPU
		{178760EF-F731-4A56-905E-6710ACD99CC0}.Ad-Hoc|Any CPU.Build.0 = Release|Any CPU
		{178760EF-F731-4A56-905E-6710ACD99CC0}.Ad-Hoc|ARM.ActiveCfg = Release|Any CPU
		{178760EF-F731-4A56-905E-6710ACD99CC0}.Ad-Hoc|ARM.Build.0 = Release|Any CPU
		{178760EF-F731-4A56-905E-6710ACD99CC0}.Ad-Hoc|iPhone.ActiveCfg = Release|Any CPU
		{178760EF-F731-4A56-905E-6710ACD99CC0}.Ad-Hoc|iPhone.Build.0 = Release|Any CPU
		{178760EF-F731-4A56-905E-6710ACD99CC0}.Ad-Hoc|iPhoneSimulator.ActiveCfg = Release|Any CPU
		{178760EF-F731-4A56-905E-6710ACD99CC0}.Ad-Hoc|iPhoneSimulator.Build.0 = Release|Any CPU
		{178760EF-F731-4A56-905E-6710ACD99CC0}.Ad-Hoc|x64.ActiveCfg = Release|Any CPU
		{178760EF-F731-4A56-905E-6710ACD99CC0}.Ad-Hoc|x64.Build.0 = Release|Any CPU
		{178760EF-F731-4A56-905E-6710ACD99CC0}.Ad-Hoc|x86.ActiveCfg = Release|Any CPU
		{178760EF-F731-4A56-905E-6710ACD99CC0}.Ad-Hoc|x86.Build.0 = Release|Any CPU
		{178760EF-F731-4A56-905E-6710ACD99CC0}.AppStore|Any CPU.ActiveCfg = Release|Any CPU
		{178760EF-F731-4A56-905E-6710ACD99CC0}.AppStore|Any CPU.Build.0 = Release|Any CPU
		{178760EF-F731-4A56-905E-6710ACD99CC0}.AppStore|ARM.ActiveCfg = Release|Any CPU
		{178760EF-F731-4A56-905E-6710ACD99CC0}.AppStore|ARM.Build.0 = Release|Any CPU
		{178760EF-F731-4A56-905E-6710ACD99CC0}.AppStore|iPhone.ActiveCfg = Release|Any CPU
		{178760EF-F731-4A56-905E-6710ACD99CC0}.AppStore|iPhone.Build.0 = Release|Any CPU
		{178760EF-F731-4A56-905E-6710ACD99CC0}.AppStore|iPhoneSimulator.ActiveCfg = Release|Any CPU
		{178760EF-F731-4A56-905E-6710ACD99CC0}.AppStore|iPhoneSimulator.Build.0 = Release|Any CPU
		{178760EF-F731-4A56-905E-6710ACD99CC0}.AppStore|x64.ActiveCfg = Release|Any CPU
		{178760EF-F731-4A56-905E-6710ACD99CC0}.AppStore|x64.Build.0 = Release|Any CPU
		{178760EF-F731-4A56-905E-6710ACD99CC0}.AppStore|x86.ActiveCfg = Release|Any CPU
		{178760EF-F731-4A56-905E-6710ACD99CC0}.AppStore|x86.Build.0 = Release|Any CPU
		{178760EF-F731-4A56-905E-6710ACD99CC0}.Debug|Any CPU.ActiveCfg = Debug|Any CPU
		{178760EF-F731-4A56-905E-6710ACD99CC0}.Debug|Any CPU.Build.0 = Debug|Any CPU
		{178760EF-F731-4A56-905E-6710ACD99CC0}.Debug|ARM.ActiveCfg = Debug|Any CPU
		{178760EF-F731-4A56-905E-6710ACD99CC0}.Debug|ARM.Build.0 = Debug|Any CPU
		{178760EF-F731-4A56-905E-6710ACD99CC0}.Debug|iPhone.ActiveCfg = Debug|Any CPU
		{178760EF-F731-4A56-905E-6710ACD99CC0}.Debug|iPhone.Build.0 = Debug|Any CPU
		{178760EF-F731-4A56-905E-6710ACD99CC0}.Debug|iPhoneSimulator.ActiveCfg = Debug|Any CPU
		{178760EF-F731-4A56-905E-6710ACD99CC0}.Debug|iPhoneSimulator.Build.0 = Debug|Any CPU
		{178760EF-F731-4A56-905E-6710ACD99CC0}.Debug|x64.ActiveCfg = Debug|Any CPU
		{178760EF-F731-4A56-905E-6710ACD99CC0}.Debug|x64.Build.0 = Debug|Any CPU
		{178760EF-F731-4A56-905E-6710ACD99CC0}.Debug|x86.ActiveCfg = Debug|Any CPU
		{178760EF-F731-4A56-905E-6710ACD99CC0}.Debug|x86.Build.0 = Debug|Any CPU
		{178760EF-F731-4A56-905E-6710ACD99CC0}.Release|Any CPU.ActiveCfg = Release|Any CPU
		{178760EF-F731-4A56-905E-6710ACD99CC0}.Release|Any CPU.Build.0 = Release|Any CPU
		{178760EF-F731-4A56-905E-6710ACD99CC0}.Release|ARM.ActiveCfg = Release|Any CPU
		{178760EF-F731-4A56-905E-6710ACD99CC0}.Release|ARM.Build.0 = Release|Any CPU
		{178760EF-F731-4A56-905E-6710ACD99CC0}.Release|iPhone.ActiveCfg = Release|Any CPU
		{178760EF-F731-4A56-905E-6710ACD99CC0}.Release|iPhone.Build.0 = Release|Any CPU
		{178760EF-F731-4A56-905E-6710ACD99CC0}.Release|iPhoneSimulator.ActiveCfg = Release|Any CPU
		{178760EF-F731-4A56-905E-6710ACD99CC0}.Release|iPhoneSimulator.Build.0 = Release|Any CPU
		{178760EF-F731-4A56-905E-6710ACD99CC0}.Release|x64.ActiveCfg = Release|Any CPU
		{178760EF-F731-4A56-905E-6710ACD99CC0}.Release|x64.Build.0 = Release|Any CPU
		{178760EF-F731-4A56-905E-6710ACD99CC0}.Release|x86.ActiveCfg = Release|Any CPU
		{178760EF-F731-4A56-905E-6710ACD99CC0}.Release|x86.Build.0 = Release|Any CPU
		{74317F1F-E389-4B77-B193-61C39C557A35}.Ad-Hoc|Any CPU.ActiveCfg = Release|x86
		{74317F1F-E389-4B77-B193-61C39C557A35}.Ad-Hoc|Any CPU.Build.0 = Release|x86
		{74317F1F-E389-4B77-B193-61C39C557A35}.Ad-Hoc|Any CPU.Deploy.0 = Release|x86
		{74317F1F-E389-4B77-B193-61C39C557A35}.Ad-Hoc|ARM.ActiveCfg = Release|ARM
		{74317F1F-E389-4B77-B193-61C39C557A35}.Ad-Hoc|ARM.Build.0 = Release|ARM
		{74317F1F-E389-4B77-B193-61C39C557A35}.Ad-Hoc|ARM.Deploy.0 = Release|ARM
		{74317F1F-E389-4B77-B193-61C39C557A35}.Ad-Hoc|iPhone.ActiveCfg = Release|x86
		{74317F1F-E389-4B77-B193-61C39C557A35}.Ad-Hoc|iPhone.Build.0 = Release|x86
		{74317F1F-E389-4B77-B193-61C39C557A35}.Ad-Hoc|iPhone.Deploy.0 = Release|x86
		{74317F1F-E389-4B77-B193-61C39C557A35}.Ad-Hoc|iPhoneSimulator.ActiveCfg = Release|x86
		{74317F1F-E389-4B77-B193-61C39C557A35}.Ad-Hoc|iPhoneSimulator.Build.0 = Release|x86
		{74317F1F-E389-4B77-B193-61C39C557A35}.Ad-Hoc|iPhoneSimulator.Deploy.0 = Release|x86
		{74317F1F-E389-4B77-B193-61C39C557A35}.Ad-Hoc|x64.ActiveCfg = Release|x64
		{74317F1F-E389-4B77-B193-61C39C557A35}.Ad-Hoc|x64.Build.0 = Release|x64
		{74317F1F-E389-4B77-B193-61C39C557A35}.Ad-Hoc|x64.Deploy.0 = Release|x64
		{74317F1F-E389-4B77-B193-61C39C557A35}.Ad-Hoc|x86.ActiveCfg = Release|x86
		{74317F1F-E389-4B77-B193-61C39C557A35}.Ad-Hoc|x86.Build.0 = Release|x86
		{74317F1F-E389-4B77-B193-61C39C557A35}.Ad-Hoc|x86.Deploy.0 = Release|x86
		{74317F1F-E389-4B77-B193-61C39C557A35}.AppStore|Any CPU.ActiveCfg = Release|x86
		{74317F1F-E389-4B77-B193-61C39C557A35}.AppStore|Any CPU.Build.0 = Release|x86
		{74317F1F-E389-4B77-B193-61C39C557A35}.AppStore|Any CPU.Deploy.0 = Release|x86
		{74317F1F-E389-4B77-B193-61C39C557A35}.AppStore|ARM.ActiveCfg = Release|ARM
		{74317F1F-E389-4B77-B193-61C39C557A35}.AppStore|ARM.Build.0 = Release|ARM
		{74317F1F-E389-4B77-B193-61C39C557A35}.AppStore|ARM.Deploy.0 = Release|ARM
		{74317F1F-E389-4B77-B193-61C39C557A35}.AppStore|iPhone.ActiveCfg = Release|x86
		{74317F1F-E389-4B77-B193-61C39C557A35}.AppStore|iPhone.Build.0 = Release|x86
		{74317F1F-E389-4B77-B193-61C39C557A35}.AppStore|iPhone.Deploy.0 = Release|x86
		{74317F1F-E389-4B77-B193-61C39C557A35}.AppStore|iPhoneSimulator.ActiveCfg = Release|x86
		{74317F1F-E389-4B77-B193-61C39C557A35}.AppStore|iPhoneSimulator.Build.0 = Release|x86
		{74317F1F-E389-4B77-B193-61C39C557A35}.AppStore|iPhoneSimulator.Deploy.0 = Release|x86
		{74317F1F-E389-4B77-B193-61C39C557A35}.AppStore|x64.ActiveCfg = Release|x64
		{74317F1F-E389-4B77-B193-61C39C557A35}.AppStore|x64.Build.0 = Release|x64
		{74317F1F-E389-4B77-B193-61C39C557A35}.AppStore|x64.Deploy.0 = Release|x64
		{74317F1F-E389-4B77-B193-61C39C557A35}.AppStore|x86.ActiveCfg = Release|x86
		{74317F1F-E389-4B77-B193-61C39C557A35}.AppStore|x86.Build.0 = Release|x86
		{74317F1F-E389-4B77-B193-61C39C557A35}.AppStore|x86.Deploy.0 = Release|x86
		{74317F1F-E389-4B77-B193-61C39C557A35}.Debug|Any CPU.ActiveCfg = Debug|x86
		{74317F1F-E389-4B77-B193-61C39C557A35}.Debug|ARM.ActiveCfg = Debug|ARM
		{74317F1F-E389-4B77-B193-61C39C557A35}.Debug|ARM.Build.0 = Debug|ARM
		{74317F1F-E389-4B77-B193-61C39C557A35}.Debug|ARM.Deploy.0 = Debug|ARM
		{74317F1F-E389-4B77-B193-61C39C557A35}.Debug|iPhone.ActiveCfg = Debug|x86
		{74317F1F-E389-4B77-B193-61C39C557A35}.Debug|iPhoneSimulator.ActiveCfg = Debug|x86
		{74317F1F-E389-4B77-B193-61C39C557A35}.Debug|x64.ActiveCfg = Debug|x64
		{74317F1F-E389-4B77-B193-61C39C557A35}.Debug|x64.Build.0 = Debug|x64
		{74317F1F-E389-4B77-B193-61C39C557A35}.Debug|x64.Deploy.0 = Debug|x64
		{74317F1F-E389-4B77-B193-61C39C557A35}.Debug|x86.ActiveCfg = Debug|x86
		{74317F1F-E389-4B77-B193-61C39C557A35}.Debug|x86.Build.0 = Debug|x86
		{74317F1F-E389-4B77-B193-61C39C557A35}.Debug|x86.Deploy.0 = Debug|x86
		{74317F1F-E389-4B77-B193-61C39C557A35}.Release|Any CPU.ActiveCfg = Release|x86
		{74317F1F-E389-4B77-B193-61C39C557A35}.Release|ARM.ActiveCfg = Release|ARM
		{74317F1F-E389-4B77-B193-61C39C557A35}.Release|ARM.Build.0 = Release|ARM
		{74317F1F-E389-4B77-B193-61C39C557A35}.Release|ARM.Deploy.0 = Release|ARM
		{74317F1F-E389-4B77-B193-61C39C557A35}.Release|iPhone.ActiveCfg = Release|x86
		{74317F1F-E389-4B77-B193-61C39C557A35}.Release|iPhoneSimulator.ActiveCfg = Release|x86
		{74317F1F-E389-4B77-B193-61C39C557A35}.Release|x64.ActiveCfg = Release|x64
		{74317F1F-E389-4B77-B193-61C39C557A35}.Release|x64.Build.0 = Release|x64
		{74317F1F-E389-4B77-B193-61C39C557A35}.Release|x64.Deploy.0 = Release|x64
		{74317F1F-E389-4B77-B193-61C39C557A35}.Release|x86.ActiveCfg = Release|x86
		{74317F1F-E389-4B77-B193-61C39C557A35}.Release|x86.Build.0 = Release|x86
		{74317F1F-E389-4B77-B193-61C39C557A35}.Release|x86.Deploy.0 = Release|x86
		{EC8CDBDC-9829-4A78-BFB4-C4174D750048}.Ad-Hoc|Any CPU.ActiveCfg = Ad-Hoc|iPhone
		{EC8CDBDC-9829-4A78-BFB4-C4174D750048}.Ad-Hoc|ARM.ActiveCfg = Ad-Hoc|iPhone
		{EC8CDBDC-9829-4A78-BFB4-C4174D750048}.Ad-Hoc|iPhone.ActiveCfg = Ad-Hoc|iPhone
		{EC8CDBDC-9829-4A78-BFB4-C4174D750048}.Ad-Hoc|iPhone.Build.0 = Ad-Hoc|iPhone
		{EC8CDBDC-9829-4A78-BFB4-C4174D750048}.Ad-Hoc|iPhoneSimulator.ActiveCfg = Ad-Hoc|iPhoneSimulator
		{EC8CDBDC-9829-4A78-BFB4-C4174D750048}.Ad-Hoc|iPhoneSimulator.Build.0 = Ad-Hoc|iPhoneSimulator
		{EC8CDBDC-9829-4A78-BFB4-C4174D750048}.Ad-Hoc|x64.ActiveCfg = Ad-Hoc|iPhone
		{EC8CDBDC-9829-4A78-BFB4-C4174D750048}.Ad-Hoc|x86.ActiveCfg = Ad-Hoc|iPhone
		{EC8CDBDC-9829-4A78-BFB4-C4174D750048}.AppStore|Any CPU.ActiveCfg = AppStore|iPhone
		{EC8CDBDC-9829-4A78-BFB4-C4174D750048}.AppStore|ARM.ActiveCfg = AppStore|iPhone
		{EC8CDBDC-9829-4A78-BFB4-C4174D750048}.AppStore|iPhone.ActiveCfg = AppStore|iPhone
		{EC8CDBDC-9829-4A78-BFB4-C4174D750048}.AppStore|iPhone.Build.0 = AppStore|iPhone
		{EC8CDBDC-9829-4A78-BFB4-C4174D750048}.AppStore|iPhoneSimulator.ActiveCfg = AppStore|iPhoneSimulator
		{EC8CDBDC-9829-4A78-BFB4-C4174D750048}.AppStore|iPhoneSimulator.Build.0 = AppStore|iPhoneSimulator
		{EC8CDBDC-9829-4A78-BFB4-C4174D750048}.AppStore|x64.ActiveCfg = AppStore|iPhone
		{EC8CDBDC-9829-4A78-BFB4-C4174D750048}.AppStore|x86.ActiveCfg = AppStore|iPhone
		{EC8CDBDC-9829-4A78-BFB4-C4174D750048}.Debug|Any CPU.ActiveCfg = Debug|iPhone
		{EC8CDBDC-9829-4A78-BFB4-C4174D750048}.Debug|ARM.ActiveCfg = Debug|iPhone
		{EC8CDBDC-9829-4A78-BFB4-C4174D750048}.Debug|iPhone.ActiveCfg = Debug|iPhone
		{EC8CDBDC-9829-4A78-BFB4-C4174D750048}.Debug|iPhone.Build.0 = Debug|iPhone
		{EC8CDBDC-9829-4A78-BFB4-C4174D750048}.Debug|iPhoneSimulator.ActiveCfg = Debug|iPhoneSimulator
		{EC8CDBDC-9829-4A78-BFB4-C4174D750048}.Debug|iPhoneSimulator.Build.0 = Debug|iPhoneSimulator
		{EC8CDBDC-9829-4A78-BFB4-C4174D750048}.Debug|x64.ActiveCfg = Debug|iPhone
		{EC8CDBDC-9829-4A78-BFB4-C4174D750048}.Debug|x86.ActiveCfg = Debug|iPhone
		{EC8CDBDC-9829-4A78-BFB4-C4174D750048}.Release|Any CPU.ActiveCfg = Release|iPhone
		{EC8CDBDC-9829-4A78-BFB4-C4174D750048}.Release|ARM.ActiveCfg = Release|iPhone
		{EC8CDBDC-9829-4A78-BFB4-C4174D750048}.Release|iPhone.ActiveCfg = Release|iPhone
		{EC8CDBDC-9829-4A78-BFB4-C4174D750048}.Release|iPhone.Build.0 = Release|iPhone
		{EC8CDBDC-9829-4A78-BFB4-C4174D750048}.Release|iPhoneSimulator.ActiveCfg = Release|iPhoneSimulator
		{EC8CDBDC-9829-4A78-BFB4-C4174D750048}.Release|iPhoneSimulator.Build.0 = Release|iPhoneSimulator
		{EC8CDBDC-9829-4A78-BFB4-C4174D750048}.Release|x64.ActiveCfg = Release|iPhone
		{EC8CDBDC-9829-4A78-BFB4-C4174D750048}.Release|x86.ActiveCfg = Release|iPhone
		{F4A75EDC-A15A-488C-9088-05E7F6276E66}.Ad-Hoc|Any CPU.ActiveCfg = Release|Any CPU
		{F4A75EDC-A15A-488C-9088-05E7F6276E66}.Ad-Hoc|Any CPU.Build.0 = Release|Any CPU
		{F4A75EDC-A15A-488C-9088-05E7F6276E66}.Ad-Hoc|ARM.ActiveCfg = Release|Any CPU
		{F4A75EDC-A15A-488C-9088-05E7F6276E66}.Ad-Hoc|ARM.Build.0 = Release|Any CPU
		{F4A75EDC-A15A-488C-9088-05E7F6276E66}.Ad-Hoc|iPhone.ActiveCfg = Release|Any CPU
		{F4A75EDC-A15A-488C-9088-05E7F6276E66}.Ad-Hoc|iPhone.Build.0 = Release|Any CPU
		{F4A75EDC-A15A-488C-9088-05E7F6276E66}.Ad-Hoc|iPhoneSimulator.ActiveCfg = Release|Any CPU
		{F4A75EDC-A15A-488C-9088-05E7F6276E66}.Ad-Hoc|iPhoneSimulator.Build.0 = Release|Any CPU
		{F4A75EDC-A15A-488C-9088-05E7F6276E66}.Ad-Hoc|x64.ActiveCfg = Release|Any CPU
		{F4A75EDC-A15A-488C-9088-05E7F6276E66}.Ad-Hoc|x64.Build.0 = Release|Any CPU
		{F4A75EDC-A15A-488C-9088-05E7F6276E66}.Ad-Hoc|x86.ActiveCfg = Release|Any CPU
		{F4A75EDC-A15A-488C-9088-05E7F6276E66}.Ad-Hoc|x86.Build.0 = Release|Any CPU
		{F4A75EDC-A15A-488C-9088-05E7F6276E66}.AppStore|Any CPU.ActiveCfg = Release|Any CPU
		{F4A75EDC-A15A-488C-9088-05E7F6276E66}.AppStore|Any CPU.Build.0 = Release|Any CPU
		{F4A75EDC-A15A-488C-9088-05E7F6276E66}.AppStore|ARM.ActiveCfg = Release|Any CPU
		{F4A75EDC-A15A-488C-9088-05E7F6276E66}.AppStore|ARM.Build.0 = Release|Any CPU
		{F4A75EDC-A15A-488C-9088-05E7F6276E66}.AppStore|iPhone.ActiveCfg = Release|Any CPU
		{F4A75EDC-A15A-488C-9088-05E7F6276E66}.AppStore|iPhone.Build.0 = Release|Any CPU
		{F4A75EDC-A15A-488C-9088-05E7F6276E66}.AppStore|iPhoneSimulator.ActiveCfg = Release|Any CPU
		{F4A75EDC-A15A-488C-9088-05E7F6276E66}.AppStore|iPhoneSimulator.Build.0 = Release|Any CPU
		{F4A75EDC-A15A-488C-9088-05E7F6276E66}.AppStore|x64.ActiveCfg = Release|Any CPU
		{F4A75EDC-A15A-488C-9088-05E7F6276E66}.AppStore|x64.Build.0 = Release|Any CPU
		{F4A75EDC-A15A-488C-9088-05E7F6276E66}.AppStore|x86.ActiveCfg = Release|Any CPU
		{F4A75EDC-A15A-488C-9088-05E7F6276E66}.AppStore|x86.Build.0 = Release|Any CPU
		{F4A75EDC-A15A-488C-9088-05E7F6276E66}.Debug|Any CPU.ActiveCfg = Debug|Any CPU
		{F4A75EDC-A15A-488C-9088-05E7F6276E66}.Debug|Any CPU.Build.0 = Debug|Any CPU
		{F4A75EDC-A15A-488C-9088-05E7F6276E66}.Debug|ARM.ActiveCfg = Debug|Any CPU
		{F4A75EDC-A15A-488C-9088-05E7F6276E66}.Debug|ARM.Build.0 = Debug|Any CPU
		{F4A75EDC-A15A-488C-9088-05E7F6276E66}.Debug|iPhone.ActiveCfg = Debug|Any CPU
		{F4A75EDC-A15A-488C-9088-05E7F6276E66}.Debug|iPhone.Build.0 = Debug|Any CPU
		{F4A75EDC-A15A-488C-9088-05E7F6276E66}.Debug|iPhoneSimulator.ActiveCfg = Debug|Any CPU
		{F4A75EDC-A15A-488C-9088-05E7F6276E66}.Debug|iPhoneSimulator.Build.0 = Debug|Any CPU
		{F4A75EDC-A15A-488C-9088-05E7F6276E66}.Debug|x64.ActiveCfg = Debug|Any CPU
		{F4A75EDC-A15A-488C-9088-05E7F6276E66}.Debug|x64.Build.0 = Debug|Any CPU
		{F4A75EDC-A15A-488C-9088-05E7F6276E66}.Debug|x86.ActiveCfg = Debug|Any CPU
		{F4A75EDC-A15A-488C-9088-05E7F6276E66}.Debug|x86.Build.0 = Debug|Any CPU
		{F4A75EDC-A15A-488C-9088-05E7F6276E66}.Release|Any CPU.ActiveCfg = Release|Any CPU
		{F4A75EDC-A15A-488C-9088-05E7F6276E66}.Release|Any CPU.Build.0 = Release|Any CPU
		{F4A75EDC-A15A-488C-9088-05E7F6276E66}.Release|ARM.ActiveCfg = Release|Any CPU
		{F4A75EDC-A15A-488C-9088-05E7F6276E66}.Release|ARM.Build.0 = Release|Any CPU
		{F4A75EDC-A15A-488C-9088-05E7F6276E66}.Release|iPhone.ActiveCfg = Release|Any CPU
		{F4A75EDC-A15A-488C-9088-05E7F6276E66}.Release|iPhone.Build.0 = Release|Any CPU
		{F4A75EDC-A15A-488C-9088-05E7F6276E66}.Release|iPhoneSimulator.ActiveCfg = Release|Any CPU
		{F4A75EDC-A15A-488C-9088-05E7F6276E66}.Release|iPhoneSimulator.Build.0 = Release|Any CPU
		{F4A75EDC-A15A-488C-9088-05E7F6276E66}.Release|x64.ActiveCfg = Release|Any CPU
		{F4A75EDC-A15A-488C-9088-05E7F6276E66}.Release|x64.Build.0 = Release|Any CPU
		{F4A75EDC-A15A-488C-9088-05E7F6276E66}.Release|x86.ActiveCfg = Release|Any CPU
		{F4A75EDC-A15A-488C-9088-05E7F6276E66}.Release|x86.Build.0 = Release|Any CPU
		{78FE699D-881E-4BFC-8087-8662C72FB4F5}.Ad-Hoc|Any CPU.ActiveCfg = Release|Any CPU
		{78FE699D-881E-4BFC-8087-8662C72FB4F5}.Ad-Hoc|Any CPU.Build.0 = Release|Any CPU
		{78FE699D-881E-4BFC-8087-8662C72FB4F5}.Ad-Hoc|ARM.ActiveCfg = Release|Any CPU
		{78FE699D-881E-4BFC-8087-8662C72FB4F5}.Ad-Hoc|ARM.Build.0 = Release|Any CPU
		{78FE699D-881E-4BFC-8087-8662C72FB4F5}.Ad-Hoc|iPhone.ActiveCfg = Release|Any CPU
		{78FE699D-881E-4BFC-8087-8662C72FB4F5}.Ad-Hoc|iPhone.Build.0 = Release|Any CPU
		{78FE699D-881E-4BFC-8087-8662C72FB4F5}.Ad-Hoc|iPhoneSimulator.ActiveCfg = Release|Any CPU
		{78FE699D-881E-4BFC-8087-8662C72FB4F5}.Ad-Hoc|iPhoneSimulator.Build.0 = Release|Any CPU
		{78FE699D-881E-4BFC-8087-8662C72FB4F5}.Ad-Hoc|x64.ActiveCfg = Release|Any CPU
		{78FE699D-881E-4BFC-8087-8662C72FB4F5}.Ad-Hoc|x64.Build.0 = Release|Any CPU
		{78FE699D-881E-4BFC-8087-8662C72FB4F5}.Ad-Hoc|x86.ActiveCfg = Release|Any CPU
		{78FE699D-881E-4BFC-8087-8662C72FB4F5}.Ad-Hoc|x86.Build.0 = Release|Any CPU
		{78FE699D-881E-4BFC-8087-8662C72FB4F5}.AppStore|Any CPU.ActiveCfg = Release|Any CPU
		{78FE699D-881E-4BFC-8087-8662C72FB4F5}.AppStore|Any CPU.Build.0 = Release|Any CPU
		{78FE699D-881E-4BFC-8087-8662C72FB4F5}.AppStore|ARM.ActiveCfg = Release|Any CPU
		{78FE699D-881E-4BFC-8087-8662C72FB4F5}.AppStore|ARM.Build.0 = Release|Any CPU
		{78FE699D-881E-4BFC-8087-8662C72FB4F5}.AppStore|iPhone.ActiveCfg = Release|Any CPU
		{78FE699D-881E-4BFC-8087-8662C72FB4F5}.AppStore|iPhone.Build.0 = Release|Any CPU
		{78FE699D-881E-4BFC-8087-8662C72FB4F5}.AppStore|iPhoneSimulator.ActiveCfg = Release|Any CPU
		{78FE699D-881E-4BFC-8087-8662C72FB4F5}.AppStore|iPhoneSimulator.Build.0 = Release|Any CPU
		{78FE699D-881E-4BFC-8087-8662C72FB4F5}.AppStore|x64.ActiveCfg = Release|Any CPU
		{78FE699D-881E-4BFC-8087-8662C72FB4F5}.AppStore|x64.Build.0 = Release|Any CPU
		{78FE699D-881E-4BFC-8087-8662C72FB4F5}.AppStore|x86.ActiveCfg = Release|Any CPU
		{78FE699D-881E-4BFC-8087-8662C72FB4F5}.AppStore|x86.Build.0 = Release|Any CPU
		{78FE699D-881E-4BFC-8087-8662C72FB4F5}.Debug|Any CPU.ActiveCfg = Debug|Any CPU
		{78FE699D-881E-4BFC-8087-8662C72FB4F5}.Debug|Any CPU.Build.0 = Debug|Any CPU
		{78FE699D-881E-4BFC-8087-8662C72FB4F5}.Debug|ARM.ActiveCfg = Debug|Any CPU
		{78FE699D-881E-4BFC-8087-8662C72FB4F5}.Debug|ARM.Build.0 = Debug|Any CPU
		{78FE699D-881E-4BFC-8087-8662C72FB4F5}.Debug|iPhone.ActiveCfg = Debug|Any CPU
		{78FE699D-881E-4BFC-8087-8662C72FB4F5}.Debug|iPhone.Build.0 = Debug|Any CPU
		{78FE699D-881E-4BFC-8087-8662C72FB4F5}.Debug|iPhoneSimulator.ActiveCfg = Debug|Any CPU
		{78FE699D-881E-4BFC-8087-8662C72FB4F5}.Debug|iPhoneSimulator.Build.0 = Debug|Any CPU
		{78FE699D-881E-4BFC-8087-8662C72FB4F5}.Debug|x64.ActiveCfg = Debug|Any CPU
		{78FE699D-881E-4BFC-8087-8662C72FB4F5}.Debug|x64.Build.0 = Debug|Any CPU
		{78FE699D-881E-4BFC-8087-8662C72FB4F5}.Debug|x86.ActiveCfg = Debug|Any CPU
		{78FE699D-881E-4BFC-8087-8662C72FB4F5}.Debug|x86.Build.0 = Debug|Any CPU
		{78FE699D-881E-4BFC-8087-8662C72FB4F5}.Release|Any CPU.ActiveCfg = Release|Any CPU
		{78FE699D-881E-4BFC-8087-8662C72FB4F5}.Release|Any CPU.Build.0 = Release|Any CPU
		{78FE699D-881E-4BFC-8087-8662C72FB4F5}.Release|ARM.ActiveCfg = Release|Any CPU
		{78FE699D-881E-4BFC-8087-8662C72FB4F5}.Release|ARM.Build.0 = Release|Any CPU
		{78FE699D-881E-4BFC-8087-8662C72FB4F5}.Release|iPhone.ActiveCfg = Release|Any CPU
		{78FE699D-881E-4BFC-8087-8662C72FB4F5}.Release|iPhone.Build.0 = Release|Any CPU
		{78FE699D-881E-4BFC-8087-8662C72FB4F5}.Release|iPhoneSimulator.ActiveCfg = Release|Any CPU
		{78FE699D-881E-4BFC-8087-8662C72FB4F5}.Release|iPhoneSimulator.Build.0 = Release|Any CPU
		{78FE699D-881E-4BFC-8087-8662C72FB4F5}.Release|x64.ActiveCfg = Release|Any CPU
		{78FE699D-881E-4BFC-8087-8662C72FB4F5}.Release|x64.Build.0 = Release|Any CPU
		{78FE699D-881E-4BFC-8087-8662C72FB4F5}.Release|x86.ActiveCfg = Release|Any CPU
		{78FE699D-881E-4BFC-8087-8662C72FB4F5}.Release|x86.Build.0 = Release|Any CPU
		{516EF94C-D2D3-4BFA-8890-A56CA35AB794}.Ad-Hoc|Any CPU.ActiveCfg = Release|Any CPU
		{516EF94C-D2D3-4BFA-8890-A56CA35AB794}.Ad-Hoc|Any CPU.Build.0 = Release|Any CPU
		{516EF94C-D2D3-4BFA-8890-A56CA35AB794}.Ad-Hoc|ARM.ActiveCfg = Release|Any CPU
		{516EF94C-D2D3-4BFA-8890-A56CA35AB794}.Ad-Hoc|ARM.Build.0 = Release|Any CPU
		{516EF94C-D2D3-4BFA-8890-A56CA35AB794}.Ad-Hoc|iPhone.ActiveCfg = Release|Any CPU
		{516EF94C-D2D3-4BFA-8890-A56CA35AB794}.Ad-Hoc|iPhone.Build.0 = Release|Any CPU
		{516EF94C-D2D3-4BFA-8890-A56CA35AB794}.Ad-Hoc|iPhoneSimulator.ActiveCfg = Release|Any CPU
		{516EF94C-D2D3-4BFA-8890-A56CA35AB794}.Ad-Hoc|iPhoneSimulator.Build.0 = Release|Any CPU
		{516EF94C-D2D3-4BFA-8890-A56CA35AB794}.Ad-Hoc|x64.ActiveCfg = Release|Any CPU
		{516EF94C-D2D3-4BFA-8890-A56CA35AB794}.Ad-Hoc|x64.Build.0 = Release|Any CPU
		{516EF94C-D2D3-4BFA-8890-A56CA35AB794}.Ad-Hoc|x86.ActiveCfg = Release|Any CPU
		{516EF94C-D2D3-4BFA-8890-A56CA35AB794}.Ad-Hoc|x86.Build.0 = Release|Any CPU
		{516EF94C-D2D3-4BFA-8890-A56CA35AB794}.AppStore|Any CPU.ActiveCfg = Release|Any CPU
		{516EF94C-D2D3-4BFA-8890-A56CA35AB794}.AppStore|Any CPU.Build.0 = Release|Any CPU
		{516EF94C-D2D3-4BFA-8890-A56CA35AB794}.AppStore|ARM.ActiveCfg = Release|Any CPU
		{516EF94C-D2D3-4BFA-8890-A56CA35AB794}.AppStore|ARM.Build.0 = Release|Any CPU
		{516EF94C-D2D3-4BFA-8890-A56CA35AB794}.AppStore|iPhone.ActiveCfg = Release|Any CPU
		{516EF94C-D2D3-4BFA-8890-A56CA35AB794}.AppStore|iPhone.Build.0 = Release|Any CPU
		{516EF94C-D2D3-4BFA-8890-A56CA35AB794}.AppStore|iPhoneSimulator.ActiveCfg = Release|Any CPU
		{516EF94C-D2D3-4BFA-8890-A56CA35AB794}.AppStore|iPhoneSimulator.Build.0 = Release|Any CPU
		{516EF94C-D2D3-4BFA-8890-A56CA35AB794}.AppStore|x64.ActiveCfg = Release|Any CPU
		{516EF94C-D2D3-4BFA-8890-A56CA35AB794}.AppStore|x64.Build.0 = Release|Any CPU
		{516EF94C-D2D3-4BFA-8890-A56CA35AB794}.AppStore|x86.ActiveCfg = Release|Any CPU
		{516EF94C-D2D3-4BFA-8890-A56CA35AB794}.AppStore|x86.Build.0 = Release|Any CPU
		{516EF94C-D2D3-4BFA-8890-A56CA35AB794}.Debug|Any CPU.ActiveCfg = Debug|Any CPU
		{516EF94C-D2D3-4BFA-8890-A56CA35AB794}.Debug|Any CPU.Build.0 = Debug|Any CPU
		{516EF94C-D2D3-4BFA-8890-A56CA35AB794}.Debug|ARM.ActiveCfg = Debug|Any CPU
		{516EF94C-D2D3-4BFA-8890-A56CA35AB794}.Debug|ARM.Build.0 = Debug|Any CPU
		{516EF94C-D2D3-4BFA-8890-A56CA35AB794}.Debug|iPhone.ActiveCfg = Debug|Any CPU
		{516EF94C-D2D3-4BFA-8890-A56CA35AB794}.Debug|iPhone.Build.0 = Debug|Any CPU
		{516EF94C-D2D3-4BFA-8890-A56CA35AB794}.Debug|iPhoneSimulator.ActiveCfg = Debug|Any CPU
		{516EF94C-D2D3-4BFA-8890-A56CA35AB794}.Debug|iPhoneSimulator.Build.0 = Debug|Any CPU
		{516EF94C-D2D3-4BFA-8890-A56CA35AB794}.Debug|x64.ActiveCfg = Debug|Any CPU
		{516EF94C-D2D3-4BFA-8890-A56CA35AB794}.Debug|x64.Build.0 = Debug|Any CPU
		{516EF94C-D2D3-4BFA-8890-A56CA35AB794}.Debug|x86.ActiveCfg = Debug|Any CPU
		{516EF94C-D2D3-4BFA-8890-A56CA35AB794}.Debug|x86.Build.0 = Debug|Any CPU
		{516EF94C-D2D3-4BFA-8890-A56CA35AB794}.Release|Any CPU.ActiveCfg = Release|Any CPU
		{516EF94C-D2D3-4BFA-8890-A56CA35AB794}.Release|Any CPU.Build.0 = Release|Any CPU
		{516EF94C-D2D3-4BFA-8890-A56CA35AB794}.Release|ARM.ActiveCfg = Release|Any CPU
		{516EF94C-D2D3-4BFA-8890-A56CA35AB794}.Release|ARM.Build.0 = Release|Any CPU
		{516EF94C-D2D3-4BFA-8890-A56CA35AB794}.Release|iPhone.ActiveCfg = Release|Any CPU
		{516EF94C-D2D3-4BFA-8890-A56CA35AB794}.Release|iPhone.Build.0 = Release|Any CPU
		{516EF94C-D2D3-4BFA-8890-A56CA35AB794}.Release|iPhoneSimulator.ActiveCfg = Release|Any CPU
		{516EF94C-D2D3-4BFA-8890-A56CA35AB794}.Release|iPhoneSimulator.Build.0 = Release|Any CPU
		{516EF94C-D2D3-4BFA-8890-A56CA35AB794}.Release|x64.ActiveCfg = Release|Any CPU
		{516EF94C-D2D3-4BFA-8890-A56CA35AB794}.Release|x64.Build.0 = Release|Any CPU
		{516EF94C-D2D3-4BFA-8890-A56CA35AB794}.Release|x86.ActiveCfg = Release|Any CPU
		{516EF94C-D2D3-4BFA-8890-A56CA35AB794}.Release|x86.Build.0 = Release|Any CPU
	EndGlobalSection
	GlobalSection(SolutionProperties) = preSolution
		HideSolutionNode = FALSE
	EndGlobalSection
	GlobalSection(ExtensibilityGlobals) = postSolution
		SolutionGuid = {AE3DA62C-7239-4911-877B-0DA334830087}
	EndGlobalSection
EndGlobal
